{
  "originHash" : "1c9cd8fec088512fc0049884efc4ba14304759ce6405008c249e34272cd7de7b",
  "pins" : [
    {
      "identity" : "sparkle",
      "kind" : "remoteSourceControl",
      "location" : "https://github.com/sparkle-project/Sparkle.git",
      "state" : {
        "revision" : "5581748cef2bae787496fe6d61139aebe0a451f6",
        "version" : "2.8.1"
      }
    },
    {
      "identity" : "swift-log",
      "kind" : "remoteSourceControl",
      "location" : "https://github.com/apple/swift-log.git",
      "state" : {
        "revision" : "2778fd4e5a12a8aaa30a3ee8285f4ce54c5f3181",
        "version" : "1.9.1"
      }
    }
  ],
  "version" : 3
}
